{
  "name": "jev-score",
  "version": "1.0.0",
  "lockfileVersion": 3,
  "requires": true,
  "packages": {
    "": {
      "name": "jev-score",
      "version": "1.0.0",
      "license": "MIT",
      "bin": {
        "jev-score": "bin/jev-score.mjs"
      },
      "engines": {
        "node": ">=22.13.0"
      }
    }
  }
}
